
Microsoft Visual Studio Solution File, Format Version 12.00
# Visual Studio 15
VisualStudioVersion = 15.0.27703.2047
MinimumVisualStudioVersion = 10.0.40219.1
Project("{FAE04EC0-301F-11D3-BF4B-00C04F79EFBC}") = "Virtual_Herencia", "Virtual-Herencia\Virtual_Herencia.csproj", "{C9E041DF-D456-4232-9FC8-BF1F73FFC45A}"
EndProject
Global
	GlobalSection(SolutionConfigurationPlatforms) = preSolution
		Debug|Any CPU = Debug|Any CPU
		Release|Any CPU = Release|Any CPU
	EndGlobalSection
	GlobalSection(ProjectConfigurationPlatforms) = postSolution
		{C9E041DF-D456-4232-9FC8-BF1F73FFC45A}.Debug|Any CPU.ActiveCfg = Debug|Any CPU
		{C9E041DF-D456-4232-9FC8-BF1F73FFC45A}.Debug|Any CPU.Build.0 = Debug|Any CPU
		{C9E041DF-D456-4232-9FC8-BF1F73FFC45A}.Release|Any CPU.ActiveCfg = Release|Any CPU
		{C9E041DF-D456-4232-9FC8-BF1F73FFC45A}.Release|Any CPU.Build.0 = Release|Any CPU
	EndGlobalSection
	GlobalSection(SolutionProperties) = preSolution
		HideSolutionNode = FALSE
	EndGlobalSection
	GlobalSection(ExtensibilityGlobals) = postSolution
		SolutionGuid = {2D0A8568-0C19-4F8D-BC7D-CC4D5D6FF85A}
	EndGlobalSection
EndGlobal
